<?xml version="1.0" encoding="utf-8"?>
<Project ToolsVersion="4.0" xmlns="http://schemas.microsoft.com/developer/msbuild/2003">
  <ItemGroup>
    <Filter Include="BaseFunction">
      <UniqueIdentifier>{869E8F15-7201-1FBA-1B87-577007C9EA3C}</UniqueIdentifier>
    </Filter>
    <Filter Include="Core">
      <UniqueIdentifier>{2EB4837C-1AEB-840D-C3D7-6A10AFED000F}</UniqueIdentifier>
    </Filter>
  </ItemGroup>
  <ItemGroup>
    <ClInclude Include="src\Base.h" />
    <ClInclude Include="src\BaseFunction\ConsoleUtils.h">
      <Filter>BaseFunction</Filter>
    </ClInclude>
    <ClInclude Include="src\Core\Core.h">
      <Filter>Core</Filter>
    </ClInclude>
    <ClInclude Include="src\Core\TerminalCore.h">
      <Filter>Core</Filter>
    </ClInclude>
    <ClInclude Include="src\Core\TypeText.h">
      <Filter>Core</Filter>
    </ClInclude>
    <ClInclude Include="src\Core\json.hpp">
      <Filter>Core</Filter>
    </ClInclude>
  </ItemGroup>
  <ItemGroup>
    <ClCompile Include="src\BaseFunction\ConsoleUtils.cpp">
      <Filter>BaseFunction</Filter>
    </ClCompile>
    <ClCompile Include="src\Core\TypeText.cpp">
      <Filter>Core</Filter>
    </ClCompile>
  </ItemGroup>
</Project>