<?xml version="1.0" encoding="utf-8"?>
<Project ToolsVersion="4.0" xmlns="http://schemas.microsoft.com/developer/msbuild/2003">
  <ItemGroup>
    <Filter Include="Function">
      <UniqueIdentifier>{2B9CE94B-1769-4457-4082-32FF2CAE79E5}</UniqueIdentifier>
    </Filter>
    <Filter Include="SaveSys">
      <UniqueIdentifier>{D3D3B5E3-3FB3-347F-48CB-BF55B4299BE0}</UniqueIdentifier>
    </Filter>
    <Filter Include="TsCore">
      <UniqueIdentifier>{350018D4-21A2-42AA-0A5D-56FEF69DC9FA}</UniqueIdentifier>
    </Filter>
  </ItemGroup>
  <ItemGroup>
    <ClInclude Include="src\Function\GameFunction.h">
      <Filter>Function</Filter>
    </ClInclude>
    <ClInclude Include="src\Function\GameState.h">
      <Filter>Function</Filter>
    </ClInclude>
    <ClInclude Include="src\Function\GameTypeText.h">
      <Filter>Function</Filter>
    </ClInclude>
    <ClInclude Include="src\Function\Menu.h">
      <Filter>Function</Filter>
    </ClInclude>
    <ClInclude Include="src\SaveSys\SavaSystem.h">
      <Filter>SaveSys</Filter>
    </ClInclude>
    <ClInclude Include="src\TsCore\Command.h">
      <Filter>TsCore</Filter>
    </ClInclude>
    <ClInclude Include="src\TsCore\JsonEngine.h">
      <Filter>TsCore</Filter>
    </ClInclude>
    <ClInclude Include="src\TsCore\Scene.h">
      <Filter>TsCore</Filter>
    </ClInclude>
    <ClInclude Include="src\Function\MiniGame.h" />
  </ItemGroup>
  <ItemGroup>
    <ClCompile Include="src\Function\GameFunction.cpp">
      <Filter>Function</Filter>
    </ClCompile>
    <ClCompile Include="src\Function\GameTypeText.cpp">
      <Filter>Function</Filter>
    </ClCompile>
    <ClCompile Include="src\Function\Menu.cpp">
      <Filter>Function</Filter>
    </ClCompile>
    <ClCompile Include="src\SaveSys\SaveSystem.cpp">
      <Filter>SaveSys</Filter>
    </ClCompile>
    <ClCompile Include="src\TsCore\Command.cpp">
      <Filter>TsCore</Filter>
    </ClCompile>
    <ClCompile Include="src\TsCore\JsonEngine.cpp">
      <Filter>TsCore</Filter>
    </ClCompile>
    <ClCompile Include="src\TsCore\Scene.cpp">
      <Filter>TsCore</Filter>
    </ClCompile>
    <ClCompile Include="src\main.cpp" />
    <ClCompile Include="src\Function\MiniGame.cpp" />
  </ItemGroup>
</Project>